
Microsoft Visual Studio Solution File, Format Version 12.00
# Visual Studio Version 17
VisualStudioVersion = 17.7.34202.233
MinimumVisualStudioVersion = 10.0.40219.1
Project("{2150E333-8FDC-42A3-9474-1A3956D46DE8}") = "src", "src", "{400041E5-22DF-4685-8832-584C4E8EE27D}"
EndProject
Project("{2150E333-8FDC-42A3-9474-1A3956D46DE8}") = "tests", "tests", "{3A7F9D30-7186-4263-BF9F-663FAA4EAFEC}"
EndProject
Project("{2150E333-8FDC-42A3-9474-1A3956D46DE8}") = "Application", "Application", "{852E6CE7-28E6-4A74-8BF1-0DEF5DC2A4C9}"
EndProject
Project("{2150E333-8FDC-42A3-9474-1A3956D46DE8}") = "Domain", "Domain", "{EB778DA8-1CC5-4178-86EA-E4CC2C46219A}"
EndProject
Project("{2150E333-8FDC-42A3-9474-1A3956D46DE8}") = "Infrastructure", "Infrastructure", "{5AC351DF-993D-4C1D-975F-801C0CE266F3}"
EndProject
Project("{2150E333-8FDC-42A3-9474-1A3956D46DE8}") = "Presentation", "Presentation", "{B4B1DB25-49EF-46B7-BF13-F31F7F239EB6}"
EndProject
Project("{9A19103F-16F7-4668-BE54-9A1E7A4F7556}") = "Application", "src\Application\Application.csproj", "{C17E6EE4-077E-4E2B-9B49-861443E85D0F}"
EndProject
Project("{9A19103F-16F7-4668-BE54-9A1E7A4F7556}") = "Domain", "src\Domain\Domain.csproj", "{28AF04BC-F8E5-4CAA-AF23-737D96F31764}"
EndProject
Project("{9A19103F-16F7-4668-BE54-9A1E7A4F7556}") = "Infrastructure.DataAccess", "src\Infrastructure.DataAccess\Infrastructure.DataAccess.csproj", "{3F175D72-990D-43F9-9B8D-B8D0CBBE663A}"
EndProject
Project("{9A19103F-16F7-4668-BE54-9A1E7A4F7556}") = "WebApi", "src\WebApi\WebApi.csproj", "{0B4ED74F-68B6-4065-A454-A18F5DB2A388}"
EndProject
Project("{9A19103F-16F7-4668-BE54-9A1E7A4F7556}") = "Infrastructure.Kiwi", "src\Infrastructure.Kiwi\Infrastructure.Kiwi.csproj", "{5978D8AF-95B4-4360-8499-0038A1B34300}"
EndProject
Project("{9A19103F-16F7-4668-BE54-9A1E7A4F7556}") = "Infrastructure.GoogleFlights", "src\Infrastructure.GoogleFlights\Infrastructure.GoogleFlights.csproj", "{808DFEE6-0660-4CF4-9D10-49F08CECBFB3}"
EndProject
Global
	GlobalSection(SolutionConfigurationPlatforms) = preSolution
		Debug|Any CPU = Debug|Any CPU
		Release|Any CPU = Release|Any CPU
	EndGlobalSection
	GlobalSection(ProjectConfigurationPlatforms) = postSolution
		{C17E6EE4-077E-4E2B-9B49-861443E85D0F}.Debug|Any CPU.ActiveCfg = Debug|Any CPU
		{C17E6EE4-077E-4E2B-9B49-861443E85D0F}.Debug|Any CPU.Build.0 = Debug|Any CPU
		{C17E6EE4-077E-4E2B-9B49-861443E85D0F}.Release|Any CPU.ActiveCfg = Release|Any CPU
		{C17E6EE4-077E-4E2B-9B49-861443E85D0F}.Release|Any CPU.Build.0 = Release|Any CPU
		{28AF04BC-F8E5-4CAA-AF23-737D96F31764}.Debug|Any CPU.ActiveCfg = Debug|Any CPU
		{28AF04BC-F8E5-4CAA-AF23-737D96F31764}.Debug|Any CPU.Build.0 = Debug|Any CPU
		{28AF04BC-F8E5-4CAA-AF23-737D96F31764}.Release|Any CPU.ActiveCfg = Release|Any CPU
		{28AF04BC-F8E5-4CAA-AF23-737D96F31764}.Release|Any CPU.Build.0 = Release|Any CPU
		{3F175D72-990D-43F9-9B8D-B8D0CBBE663A}.Debug|Any CPU.ActiveCfg = Debug|Any CPU
		{3F175D72-990D-43F9-9B8D-B8D0CBBE663A}.Debug|Any CPU.Build.0 = Debug|Any CPU
		{3F175D72-990D-43F9-9B8D-B8D0CBBE663A}.Release|Any CPU.ActiveCfg = Release|Any CPU
		{3F175D72-990D-43F9-9B8D-B8D0CBBE663A}.Release|Any CPU.Build.0 = Release|Any CPU
		{0B4ED74F-68B6-4065-A454-A18F5DB2A388}.Debug|Any CPU.ActiveCfg = Debug|Any CPU
		{0B4ED74F-68B6-4065-A454-A18F5DB2A388}.Debug|Any CPU.Build.0 = Debug|Any CPU
		{0B4ED74F-68B6-4065-A454-A18F5DB2A388}.Release|Any CPU.ActiveCfg = Release|Any CPU
		{0B4ED74F-68B6-4065-A454-A18F5DB2A388}.Release|Any CPU.Build.0 = Release|Any CPU
		{5978D8AF-95B4-4360-8499-0038A1B34300}.Debug|Any CPU.ActiveCfg = Debug|Any CPU
		{5978D8AF-95B4-4360-8499-0038A1B34300}.Debug|Any CPU.Build.0 = Debug|Any CPU
		{5978D8AF-95B4-4360-8499-0038A1B34300}.Release|Any CPU.ActiveCfg = Release|Any CPU
		{5978D8AF-95B4-4360-8499-0038A1B34300}.Release|Any CPU.Build.0 = Release|Any CPU
		{808DFEE6-0660-4CF4-9D10-49F08CECBFB3}.Debug|Any CPU.ActiveCfg = Debug|Any CPU
		{808DFEE6-0660-4CF4-9D10-49F08CECBFB3}.Debug|Any CPU.Build.0 = Debug|Any CPU
		{808DFEE6-0660-4CF4-9D10-49F08CECBFB3}.Release|Any CPU.ActiveCfg = Release|Any CPU
		{808DFEE6-0660-4CF4-9D10-49F08CECBFB3}.Release|Any CPU.Build.0 = Release|Any CPU
	EndGlobalSection
	GlobalSection(SolutionProperties) = preSolution
		HideSolutionNode = FALSE
	EndGlobalSection
	GlobalSection(NestedProjects) = preSolution
		{852E6CE7-28E6-4A74-8BF1-0DEF5DC2A4C9} = {400041E5-22DF-4685-8832-584C4E8EE27D}
		{EB778DA8-1CC5-4178-86EA-E4CC2C46219A} = {400041E5-22DF-4685-8832-584C4E8EE27D}
		{5AC351DF-993D-4C1D-975F-801C0CE266F3} = {400041E5-22DF-4685-8832-584C4E8EE27D}
		{B4B1DB25-49EF-46B7-BF13-F31F7F239EB6} = {400041E5-22DF-4685-8832-584C4E8EE27D}
		{C17E6EE4-077E-4E2B-9B49-861443E85D0F} = {852E6CE7-28E6-4A74-8BF1-0DEF5DC2A4C9}
		{28AF04BC-F8E5-4CAA-AF23-737D96F31764} = {EB778DA8-1CC5-4178-86EA-E4CC2C46219A}
		{3F175D72-990D-43F9-9B8D-B8D0CBBE663A} = {5AC351DF-993D-4C1D-975F-801C0CE266F3}
		{0B4ED74F-68B6-4065-A454-A18F5DB2A388} = {B4B1DB25-49EF-46B7-BF13-F31F7F239EB6}
		{5978D8AF-95B4-4360-8499-0038A1B34300} = {5AC351DF-993D-4C1D-975F-801C0CE266F3}
		{808DFEE6-0660-4CF4-9D10-49F08CECBFB3} = {5AC351DF-993D-4C1D-975F-801C0CE266F3}
	EndGlobalSection
	GlobalSection(ExtensibilityGlobals) = postSolution
		SolutionGuid = {6C957B3B-B78C-4188-812E-B0FA70E93BBF}
	EndGlobalSection
EndGlobal
